
Microsoft Visual Studio Solution File, Format Version 12.00
# Visual Studio Version 16
VisualStudioVersion = 16.0.29728.190
MinimumVisualStudioVersion = 10.0.40219.1
Project("{2150E333-8FDC-42A3-9474-1A3956D46DE8}") = "Gateaway", "Gateaway", "{8C7B2C1B-9EA2-4F2C-A4D0-756EBEB2C675}"
EndProject
Project("{2150E333-8FDC-42A3-9474-1A3956D46DE8}") = "ClientSide", "ClientSide", "{FDACE4D8-A2C0-4025-8E31-20C6361CBF7A}"
EndProject
Project("{2150E333-8FDC-42A3-9474-1A3956D46DE8}") = "Common", "Common", "{C521D5A3-9743-4277-BD5C-C409982C9BB4}"
EndProject
Project("{9A19103F-16F7-4668-BE54-9A1E7A4F7556}") = "Logger", "Logger\Logger.csproj", "{340DCDF2-0FF0-4E6B-8314-43BC5C651903}"
EndProject
Project("{9A19103F-16F7-4668-BE54-9A1E7A4F7556}") = "Medyana.Inventory.Infrastructure", "Medyana.Inventory.Infrastructure\Medyana.Inventory.Infrastructure.csproj", "{9B645469-2C77-458A-9B0D-8596E51B0009}"
EndProject
Project("{9A19103F-16F7-4668-BE54-9A1E7A4F7556}") = "Medyana.Inventory.Domain", "Medyana.Inventory.Domain\Medyana.Inventory.Domain.csproj", "{C5185539-F1B3-48E2-BECA-947D89FEFC73}"
EndProject
Project("{9A19103F-16F7-4668-BE54-9A1E7A4F7556}") = "Dtos", "Dtos\Dtos.csproj", "{2CDCDC4E-D1CE-4E9A-9A26-8313D7E020FD}"
EndProject
Project("{9A19103F-16F7-4668-BE54-9A1E7A4F7556}") = "Utils", "Utils\Utils.csproj", "{F07877AD-8610-4B49-B572-DA38994ED486}"
EndProject
Project("{2150E333-8FDC-42A3-9474-1A3956D46DE8}") = "Tests", "Tests", "{7BC3A615-0756-47E2-A0E5-689A072A3345}"
EndProject
Project("{9A19103F-16F7-4668-BE54-9A1E7A4F7556}") = "Medyana.IntegrationTest", "Medyana.Test\Medyana.IntegrationTest.csproj", "{B730D6E0-AC75-41EE-A7A8-E7697144EA85}"
EndProject
Project("{E24C65DC-7377-472B-9ABA-BC803B73C61A}") = "Medyana", "Medyana.SPA\Medyana\", "{1FB5059B-7587-40C9-B0C5-BDBD4BE935C7}"
	ProjectSection(WebsiteProperties) = preProject
		TargetFrameworkMoniker = ".NETFramework,Version%3Dv4.0"
		Debug.AspNetCompiler.VirtualPath = "/localhost_60034"
		Debug.AspNetCompiler.PhysicalPath = "Medyana.SPA\Medyana\"
		Debug.AspNetCompiler.TargetPath = "PrecompiledWeb\localhost_60034\"
		Debug.AspNetCompiler.Updateable = "true"
		Debug.AspNetCompiler.ForceOverwrite = "true"
		Debug.AspNetCompiler.FixedNames = "false"
		Debug.AspNetCompiler.Debug = "True"
		Release.AspNetCompiler.VirtualPath = "/localhost_60034"
		Release.AspNetCompiler.PhysicalPath = "Medyana.SPA\Medyana\"
		Release.AspNetCompiler.TargetPath = "PrecompiledWeb\localhost_60034\"
		Release.AspNetCompiler.Updateable = "true"
		Release.AspNetCompiler.ForceOverwrite = "true"
		Release.AspNetCompiler.FixedNames = "false"
		Release.AspNetCompiler.Debug = "False"
		VWDPort = "60034"
		SlnRelativePath = "Medyana.SPA\Medyana\"
	EndProjectSection
EndProject
Project("{FAE04EC0-301F-11D3-BF4B-00C04F79EFBC}") = "Medyana.Test", "IntegrationTest\Medyana.Test.csproj", "{2E2620AA-2BB5-4ECD-9A70-229C2AD61A90}"
EndProject
Project("{2150E333-8FDC-42A3-9474-1A3956D46DE8}") = "Servives", "Servives", "{F9B739BD-47A7-48BA-A760-1D4C406049ED}"
EndProject
Project("{9A19103F-16F7-4668-BE54-9A1E7A4F7556}") = "Medyana.Inventory.API", "Medyana.Inventory.API\Medyana.Inventory.API.csproj", "{77A6B036-BFB7-4CD1-A8D2-D86E5B67803B}"
	ProjectSection(ProjectDependencies) = postProject
		{9B645469-2C77-458A-9B0D-8596E51B0009} = {9B645469-2C77-458A-9B0D-8596E51B0009}
	EndProjectSection
EndProject
Project("{9A19103F-16F7-4668-BE54-9A1E7A4F7556}") = "Medyana.Web.Bff", "Medyana.Web.Bff\Medyana.Web.Bff.csproj", "{31F34B95-3B43-426B-A559-FF7C65031ECA}"
EndProject
Project("{2150E333-8FDC-42A3-9474-1A3956D46DE8}") = "Web.Bff", "Web.Bff", "{B1444834-6E8D-413E-BBC8-7E2271A0D0FA}"
EndProject
Project("{2150E333-8FDC-42A3-9474-1A3956D46DE8}") = "Inventory.API", "Inventory.API", "{656A90F6-F2E2-4CF3-B277-EF0AB2699CB1}"
EndProject
Global
	GlobalSection(SolutionConfigurationPlatforms) = preSolution
		Debug|Any CPU = Debug|Any CPU
		Release|Any CPU = Release|Any CPU
	EndGlobalSection
	GlobalSection(ProjectConfigurationPlatforms) = postSolution
		{340DCDF2-0FF0-4E6B-8314-43BC5C651903}.Debug|Any CPU.ActiveCfg = Debug|Any CPU
		{340DCDF2-0FF0-4E6B-8314-43BC5C651903}.Debug|Any CPU.Build.0 = Debug|Any CPU
		{340DCDF2-0FF0-4E6B-8314-43BC5C651903}.Release|Any CPU.ActiveCfg = Release|Any CPU
		{340DCDF2-0FF0-4E6B-8314-43BC5C651903}.Release|Any CPU.Build.0 = Release|Any CPU
		{9B645469-2C77-458A-9B0D-8596E51B0009}.Debug|Any CPU.ActiveCfg = Debug|Any CPU
		{9B645469-2C77-458A-9B0D-8596E51B0009}.Debug|Any CPU.Build.0 = Debug|Any CPU
		{9B645469-2C77-458A-9B0D-8596E51B0009}.Release|Any CPU.ActiveCfg = Release|Any CPU
		{9B645469-2C77-458A-9B0D-8596E51B0009}.Release|Any CPU.Build.0 = Release|Any CPU
		{C5185539-F1B3-48E2-BECA-947D89FEFC73}.Debug|Any CPU.ActiveCfg = Debug|Any CPU
		{C5185539-F1B3-48E2-BECA-947D89FEFC73}.Debug|Any CPU.Build.0 = Debug|Any CPU
		{C5185539-F1B3-48E2-BECA-947D89FEFC73}.Release|Any CPU.ActiveCfg = Release|Any CPU
		{C5185539-F1B3-48E2-BECA-947D89FEFC73}.Release|Any CPU.Build.0 = Release|Any CPU
		{2CDCDC4E-D1CE-4E9A-9A26-8313D7E020FD}.Debug|Any CPU.ActiveCfg = Debug|Any CPU
		{2CDCDC4E-D1CE-4E9A-9A26-8313D7E020FD}.Debug|Any CPU.Build.0 = Debug|Any CPU
		{2CDCDC4E-D1CE-4E9A-9A26-8313D7E020FD}.Release|Any CPU.ActiveCfg = Release|Any CPU
		{2CDCDC4E-D1CE-4E9A-9A26-8313D7E020FD}.Release|Any CPU.Build.0 = Release|Any CPU
		{F07877AD-8610-4B49-B572-DA38994ED486}.Debug|Any CPU.ActiveCfg = Debug|Any CPU
		{F07877AD-8610-4B49-B572-DA38994ED486}.Debug|Any CPU.Build.0 = Debug|Any CPU
		{F07877AD-8610-4B49-B572-DA38994ED486}.Release|Any CPU.ActiveCfg = Release|Any CPU
		{F07877AD-8610-4B49-B572-DA38994ED486}.Release|Any CPU.Build.0 = Release|Any CPU
		{B730D6E0-AC75-41EE-A7A8-E7697144EA85}.Debug|Any CPU.ActiveCfg = Debug|Any CPU
		{B730D6E0-AC75-41EE-A7A8-E7697144EA85}.Debug|Any CPU.Build.0 = Debug|Any CPU
		{B730D6E0-AC75-41EE-A7A8-E7697144EA85}.Release|Any CPU.ActiveCfg = Release|Any CPU
		{B730D6E0-AC75-41EE-A7A8-E7697144EA85}.Release|Any CPU.Build.0 = Release|Any CPU
		{1FB5059B-7587-40C9-B0C5-BDBD4BE935C7}.Debug|Any CPU.ActiveCfg = Debug|Any CPU
		{1FB5059B-7587-40C9-B0C5-BDBD4BE935C7}.Debug|Any CPU.Build.0 = Debug|Any CPU
		{1FB5059B-7587-40C9-B0C5-BDBD4BE935C7}.Release|Any CPU.ActiveCfg = Debug|Any CPU
		{1FB5059B-7587-40C9-B0C5-BDBD4BE935C7}.Release|Any CPU.Build.0 = Debug|Any CPU
		{2E2620AA-2BB5-4ECD-9A70-229C2AD61A90}.Debug|Any CPU.ActiveCfg = Debug|Any CPU
		{2E2620AA-2BB5-4ECD-9A70-229C2AD61A90}.Debug|Any CPU.Build.0 = Debug|Any CPU
		{2E2620AA-2BB5-4ECD-9A70-229C2AD61A90}.Release|Any CPU.ActiveCfg = Release|Any CPU
		{2E2620AA-2BB5-4ECD-9A70-229C2AD61A90}.Release|Any CPU.Build.0 = Release|Any CPU
		{77A6B036-BFB7-4CD1-A8D2-D86E5B67803B}.Debug|Any CPU.ActiveCfg = Debug|Any CPU
		{77A6B036-BFB7-4CD1-A8D2-D86E5B67803B}.Debug|Any CPU.Build.0 = Debug|Any CPU
		{77A6B036-BFB7-4CD1-A8D2-D86E5B67803B}.Release|Any CPU.ActiveCfg = Release|Any CPU
		{77A6B036-BFB7-4CD1-A8D2-D86E5B67803B}.Release|Any CPU.Build.0 = Release|Any CPU
		{31F34B95-3B43-426B-A559-FF7C65031ECA}.Debug|Any CPU.ActiveCfg = Debug|Any CPU
		{31F34B95-3B43-426B-A559-FF7C65031ECA}.Debug|Any CPU.Build.0 = Debug|Any CPU
		{31F34B95-3B43-426B-A559-FF7C65031ECA}.Release|Any CPU.ActiveCfg = Release|Any CPU
		{31F34B95-3B43-426B-A559-FF7C65031ECA}.Release|Any CPU.Build.0 = Release|Any CPU
	EndGlobalSection
	GlobalSection(SolutionProperties) = preSolution
		HideSolutionNode = FALSE
	EndGlobalSection
	GlobalSection(NestedProjects) = preSolution
		{340DCDF2-0FF0-4E6B-8314-43BC5C651903} = {C521D5A3-9743-4277-BD5C-C409982C9BB4}
		{9B645469-2C77-458A-9B0D-8596E51B0009} = {656A90F6-F2E2-4CF3-B277-EF0AB2699CB1}
		{C5185539-F1B3-48E2-BECA-947D89FEFC73} = {656A90F6-F2E2-4CF3-B277-EF0AB2699CB1}
		{2CDCDC4E-D1CE-4E9A-9A26-8313D7E020FD} = {C521D5A3-9743-4277-BD5C-C409982C9BB4}
		{F07877AD-8610-4B49-B572-DA38994ED486} = {C521D5A3-9743-4277-BD5C-C409982C9BB4}
		{B730D6E0-AC75-41EE-A7A8-E7697144EA85} = {7BC3A615-0756-47E2-A0E5-689A072A3345}
		{1FB5059B-7587-40C9-B0C5-BDBD4BE935C7} = {FDACE4D8-A2C0-4025-8E31-20C6361CBF7A}
		{2E2620AA-2BB5-4ECD-9A70-229C2AD61A90} = {7BC3A615-0756-47E2-A0E5-689A072A3345}
		{77A6B036-BFB7-4CD1-A8D2-D86E5B67803B} = {656A90F6-F2E2-4CF3-B277-EF0AB2699CB1}
		{31F34B95-3B43-426B-A559-FF7C65031ECA} = {B1444834-6E8D-413E-BBC8-7E2271A0D0FA}
		{B1444834-6E8D-413E-BBC8-7E2271A0D0FA} = {8C7B2C1B-9EA2-4F2C-A4D0-756EBEB2C675}
		{656A90F6-F2E2-4CF3-B277-EF0AB2699CB1} = {F9B739BD-47A7-48BA-A760-1D4C406049ED}
	EndGlobalSection
	GlobalSection(ExtensibilityGlobals) = postSolution
		SolutionGuid = {D3701DDD-1E89-419A-BA52-BD9BB05F2029}
	EndGlobalSection
EndGlobal
